// !$*UTF8*$!
{
	archiveVersion = 1;
	classes = {
	};
	objectVersion = 46;
	objects = {

/* Begin PBXBuildFile section */
		3E1679B71D8743DA00E8722B /* PlayersViewController.swift in Sources */ = {isa = PBXBuildFile; fileRef = 3E1679B61D8743DA00E8722B /* PlayersViewController.swift */; };
		3E1679B91D87444C00E8722B /* Player.swift in Sources */ = {isa = PBXBuildFile; fileRef = 3E1679B81D87444C00E8722B /* Player.swift */; };
		3E1679BB1D8744D200E8722B /* SampleData.swift in Sources */ = {isa = PBXBuildFile; fileRef = 3E1679BA1D8744D200E8722B /* SampleData.swift */; };
		3E1679BD1D87891C00E8722B /* PlayerTableViewCell.swift in Sources */ = {isa = PBXBuildFile; fileRef = 3E1679BC1D87891C00E8722B /* PlayerTableViewCell.swift */; };
		3E283FEA1D8721A0005B1482 /* AppDelegate.swift in Sources */ = {isa = PBXBuildFile; fileRef = 3E283FE91D8721A0005B1482 /* AppDelegate.swift */; };
		3E283FEC1D8721A0005B1482 /* ViewController.swift in Sources */ = {isa = PBXBuildFile; fileRef = 3E283FEB1D8721A0005B1482 /* ViewController.swift */; };
		3E283FEF1D8721A0005B1482 /* Main.storyboard in Resources */ = {isa = PBXBuildFile; fileRef = 3E283FED1D8721A0005B1482 /* Main.storyboard */; };
		3E283FF11D8721A0005B1482 /* Assets.xcassets in Resources */ = {isa = PBXBuildFile; fileRef = 3E283FF01D8721A0005B1482 /* Assets.xcassets */; };
		3E283FF41D8721A0005B1482 /* LaunchScreen.storyboard in Resources */ = {isa = PBXBuildFile; fileRef = 3E283FF21D8721A0005B1482 /* LaunchScreen.storyboard */; };
		3EBB14001D8840B80045B848 /* PlayerDetailsTableViewController.swift in Sources */ = {isa = PBXBuildFile; fileRef = 3EBB13FF1D8840B80045B848 /* PlayerDetailsTableViewController.swift */; };
/* End PBXBuildFile section */

/* Begin PBXFileReference section */
		3E1679B61D8743DA00E8722B /* PlayersViewController.swift */ = {isa = PBXFileReference; fileEncoding = 4; lastKnownFileType = sourcecode.swift; path = PlayersViewController.swift; sourceTree = "<group>"; };
		3E1679B81D87444C00E8722B /* Player.swift */ = {isa = PBXFileReference; fileEncoding = 4; lastKnownFileType = sourcecode.swift; path = Player.swift; sourceTree = "<group>"; };
		3E1679BA1D8744D200E8722B /* SampleData.swift */ = {isa = PBXFileReference; fileEncoding = 4; lastKnownFileType = sourcecode.swift; path = SampleData.swift; sourceTree = "<group>"; };
		3E1679BC1D87891C00E8722B /* PlayerTableViewCell.swift */ = {isa = PBXFileReference; fileEncoding = 4; lastKnownFileType = sourcecode.swift; path = PlayerTableViewCell.swift; sourceTree = "<group>"; };
		3E283FE61D8721A0005B1482 /* Ratings.app */ = {isa = PBXFileReference; explicitFileType = wrapper.application; includeInIndex = 0; path = Ratings.app; sourceTree = BUILT_PRODUCTS_DIR; };
		3E283FE91D8721A0005B1482 /* AppDelegate.swift */ = {isa = PBXFileReference; lastKnownFileType = sourcecode.swift; path = AppDelegate.swift; sourceTree = "<group>"; };
		3E283FEB1D8721A0005B1482 /* ViewController.swift */ = {isa = PBXFileReference; lastKnownFileType = sourcecode.swift; path = ViewController.swift; sourceTree = "<group>"; };
		3E283FEE1D8721A0005B1482 /* Base */ = {isa = PBXFileReference; lastKnownFileType = file.storyboard; name = Base; path = Base.lproj/Main.storyboard; sourceTree = "<group>"; };
		3E283FF01D8721A0005B1482 /* Assets.xcassets */ = {isa = PBXFileReference; lastKnownFileType = folder.assetcatalog; path = Assets.xcassets; sourceTree = "<group>"; };
		3E283FF31D8721A0005B1482 /* Base */ = {isa = PBXFileReference; lastKnownFileType = file.storyboard; name = Base; path = Base.lproj/LaunchScreen.storyboard; sourceTree = "<group>"; };
		3E283FF51D8721A0005B1482 /* Info.plist */ = {isa = PBXFileReference; lastKnownFileType = text.plist.xml; path = Info.plist; sourceTree = "<group>"; };
		3EBB13FF1D8840B80045B848 /* PlayerDetailsTableViewController.swift */ = {isa = PBXFileReference; fileEncoding = 4; lastKnownFileType = sourcecode.swift; path = PlayerDetailsTableViewController.swift; sourceTree = "<group>"; };
/* End PBXFileReference section */

/* Begin PBXFrameworksBuildPhase section */
		3E283FE31D8721A0005B1482 /* Frameworks */ = {
			isa = PBXFrameworksBuildPhase;
			buildActionMask = 2147483647;
			files = (
			);
			runOnlyForDeploymentPostprocessing = 0;
		};
/* End PBXFrameworksBuildPhase section */

/* Begin PBXGroup section */
		3E283FDD1D8721A0005B1482 = {
			isa = PBXGroup;
			children = (
				3E283FE81D8721A0005B1482 /* Ratings */,
				3E283FE71D8721A0005B1482 /* Products */,
			);
			sourceTree = "<group>";
		};
		3E283FE71D8721A0005B1482 /* Products */ = {
			isa = PBXGroup;
			children = (
				3E283FE61D8721A0005B1482 /* Ratings.app */,
			);
			name = Products;
			sourceTree = "<group>";
		};
		3E283FE81D8721A0005B1482 /* Ratings */ = {
			isa = PBXGroup;
			children = (
				3E283FE91D8721A0005B1482 /* AppDelegate.swift */,
				3E283FEB1D8721A0005B1482 /* ViewController.swift */,
				3E283FED1D8721A0005B1482 /* Main.storyboard */,
				3EBB13FF1D8840B80045B848 /* PlayerDetailsTableViewController.swift */,
				3E1679BC1D87891C00E8722B /* PlayerTableViewCell.swift */,
				3E1679B61D8743DA00E8722B /* PlayersViewController.swift */,
				3E1679B81D87444C00E8722B /* Player.swift */,
				3E1679BA1D8744D200E8722B /* SampleData.swift */,
				3E283FF01D8721A0005B1482 /* Assets.xcassets */,
				3E283FF21D8721A0005B1482 /* LaunchScreen.storyboard */,
				3E283FF51D8721A0005B1482 /* Info.plist */,
			);
			path = Ratings;
			sourceTree = "<group>";
		};
/* End PBXGroup section */

/* Begin PBXNativeTarget section */
		3E283FE51D8721A0005B1482 /* Ratings */ = {
			isa = PBXNativeTarget;
			buildConfigurationList = 3E283FF81D8721A0005B1482 /* Build configuration list for PBXNativeTarget "Ratings" */;
			buildPhases = (
				3E283FE21D8721A0005B1482 /* Sources */,
				3E283FE31D8721A0005B1482 /* Frameworks */,
				3E283FE41D8721A0005B1482 /* Resources */,
			);
			buildRules = (
			);
			dependencies = (
			);
			name = Ratings;
			productName = Ratings;
			productReference = 3E283FE61D8721A0005B1482 /* Ratings.app */;
			productType = "com.apple.product-type.application";
		};
/* End PBXNativeTarget section */

/* Begin PBXProject section */
		3E283FDE1D8721A0005B1482 /* Project object */ = {
			isa = PBXProject;
			attributes = {
				LastSwiftUpdateCheck = 0720;
				LastUpgradeCheck = 0720;
				ORGANIZATIONNAME = "Julia Castro";
				TargetAttributes = {
					3E283FE51D8721A0005B1482 = {
						CreatedOnToolsVersion = 7.2;
					};
				};
			};
			buildConfigurationList = 3E283FE11D8721A0005B1482 /* Build configuration list for PBXProject "Ratings" */;
			compatibilityVersion = "Xcode 3.2";
			developmentRegion = English;
			hasScannedForEncodings = 0;
			knownRegions = (
				en,
				Base,
			);
			mainGroup = 3E283FDD1D8721A0005B1482;
			productRefGroup = 3E283FE71D8721A0005B1482 /* Products */;
			projectDirPath = "";
			projectRoot = "";
			targets = (
				3E283FE51D8721A0005B1482 /* Ratings */,
			);
		};
/* End PBXProject section */

/* Begin PBXResourcesBuildPhase section */
		3E283FE41D8721A0005B1482 /* Resources */ = {
			isa = PBXResourcesBuildPhase;
			buildActionMask = 2147483647;
			files = (
				3E283FF41D8721A0005B1482 /* LaunchScreen.storyboard in Resources */,
				3E283FF11D8721A0005B1482 /* Assets.xcassets in Resources */,
				3E283FEF1D8721A0005B1482 /* Main.storyboard in Resources */,
			);
			runOnlyForDeploymentPostprocessing = 0;
		};
/* End PBXResourcesBuildPhase section */

/* Begin PBXSourcesBuildPhase section */
		3E283FE21D8721A0005B1482 /* Sources */ = {
			isa = PBXSourcesBuildPhase;
			buildActionMask = 2147483647;
			files = (
				3E1679B91D87444C00E8722B /* Player.swift in Sources */,
				3E283FEC1D8721A0005B1482 /* ViewController.swift in Sources */,
				3E1679BD1D87891C00E8722B /* PlayerTableViewCell.swift in Sources */,
				3E283FEA1D8721A0005B1482 /* AppDelegate.swift in Sources */,
				3E1679BB1D8744D200E8722B /* SampleData.swift in Sources */,
				3E1679B71D8743DA00E8722B /* PlayersViewController.swift in Sources */,
				3EBB14001D8840B80045B848 /* PlayerDetailsTableViewController.swift in Sources */,
			);
			runOnlyForDeploymentPostprocessing = 0;
		};
/* End PBXSourcesBuildPhase section */

/* Begin PBXVariantGroup section */
		3E283FED1D8721A0005B1482 /* Main.storyboard */ = {
			isa = PBXVariantGroup;
			children = (
				3E283FEE1D8721A0005B1482 /* Base */,
			);
			name = Main.storyboard;
			sourceTree = "<group>";
		};
		3E283FF21D8721A0005B1482 /* LaunchScreen.storyboard */ = {
			isa = PBXVariantGroup;
			children = (
				3E283FF31D8721A0005B1482 /* Base */,
			);
			name = LaunchScreen.storyboard;
			sourceTree = "<group>";
		};
/* End PBXVariantGroup section */

/* Begin XCBuildConfiguration section */
		3E283FF61D8721A0005B1482 /* Debug */ = {
			isa = XCBuildConfiguration;
			buildSettings = {
				ALWAYS_SEARCH_USER_PATHS = NO;
				CLANG_CXX_LANGUAGE_STANDARD = "gnu++0x";
				CLANG_CXX_LIBRARY = "libc++";
				CLANG_ENABLE_MODULES = YES;
				CLANG_ENABLE_OBJC_ARC = YES;
				CLANG_WARN_BOOL_CONVERSION = YES;
				CLANG_WARN_CONSTANT_CONVERSION = YES;
				CLANG_WARN_DIRECT_OBJC_ISA_USAGE = YES_ERROR;
				CLANG_WARN_EMPTY_BODY = YES;
				CLANG_WARN_ENUM_CONVERSION = YES;
				CLANG_WARN_INT_CONVERSION = YES;
				CLANG_WARN_OBJC_ROOT_CLASS = YES_ERROR;
				CLANG_WARN_UNREACHABLE_CODE = YES;
				CLANG_WARN__DUPLICATE_METHOD_MATCH = YES;
				"CODE_SIGN_IDENTITY[sdk=iphoneos*]" = "iPhone Developer";
				COPY_PHASE_STRIP = NO;
				DEBUG_INFORMATION_FORMAT = dwarf;
				ENABLE_STRICT_OBJC_MSGSEND = YES;
				ENABLE_TESTABILITY = YES;
				GCC_C_LANGUAGE_STANDARD = gnu99;
				GCC_DYNAMIC_NO_PIC = NO;
				GCC_NO_COMMON_BLOCKS = YES;
				GCC_OPTIMIZATION_LEVEL = 0;
				GCC_PREPROCESSOR_DEFINITIONS = (
					"DEBUG=1",
					"$(inherited)",
				);
				GCC_WARN_64_TO_32_BIT_CONVERSION = YES;
				GCC_WARN_ABOUT_RETURN_TYPE = YES_ERROR;
				GCC_WARN_UNDECLARED_SELECTOR = YES;
				GCC_WARN_UNINITIALIZED_AUTOS = YES_AGGRESSIVE;
				GCC_WARN_UNUSED_FUNCTION = YES;
				GCC_WARN_UNUSED_VARIABLE = YES;
				IPHONEOS_DEPLOYMENT_TARGET = 9.2;
				MTL_ENABLE_DEBUG_INFO = YES;
				ONLY_ACTIVE_ARCH = YES;
				SDKROOT = iphoneos;
				SWIFT_OPTIMIZATION_LEVEL = "-Onone";
				TARGETED_DEVICE_FAMILY = "1,2";
			};
			name = Debug;
		};
		3E283FF71D8721A0005B1482 /* Release */ = {
			isa = XCBuildConfiguration;
			buildSettings = {
				ALWAYS_SEARCH_USER_PATHS = NO;
				CLANG_CXX_LANGUAGE_STANDARD = "gnu++0x";
				CLANG_CXX_LIBRARY = "libc++";
				CLANG_ENABLE_MODULES = YES;
				CLANG_ENABLE_OBJC_ARC = YES;
				CLANG_WARN_BOOL_CONVERSION = YES;
				CLANG_WARN_CONSTANT_CONVERSION = YES;
				CLANG_WARN_DIRECT_OBJC_ISA_USAGE = YES_ERROR;
				CLANG_WARN_EMPTY_BODY = YES;
				CLANG_WARN_ENUM_CONVERSION = YES;
				CLANG_WARN_INT_CONVERSION = YES;
				CLANG_WARN_OBJC_ROOT_CLASS = YES_ERROR;
				CLANG_WARN_UNREACHABLE_CODE = YES;
				CLANG_WARN__DUPLICATE_METHOD_MATCH = YES;
				"CODE_SIGN_IDENTITY[sdk=iphoneos*]" = "iPhone Developer";
				COPY_PHASE_STRIP = NO;
				DEBUG_INFORMATION_FORMAT = "dwarf-with-dsym";
				ENABLE_NS_ASSERTIONS = NO;
				ENABLE_STRICT_OBJC_MSGSEND = YES;
				GCC_C_LANGUAGE_STANDARD = gnu99;
				GCC_NO_COMMON_BLOCKS = YES;
				GCC_WARN_64_TO_32_BIT_CONVERSION = YES;
				GCC_WARN_ABOUT_RETURN_TYPE = YES_ERROR;
				GCC_WARN_UNDECLARED_SELECTOR = YES;
				GCC_WARN_UNINITIALIZED_AUTOS = YES_AGGRESSIVE;
				GCC_WARN_UNUSED_FUNCTION = YES;
				GCC_WARN_UNUSED_VARIABLE = YES;
				IPHONEOS_DEPLOYMENT_TARGET = 9.2;
				MTL_ENABLE_DEBUG_INFO = NO;
				SDKROOT = iphoneos;
				TARGETED_DEVICE_FAMILY = "1,2";
				VALIDATE_PRODUCT = YES;
			};
			name = Release;
		};
		3E283FF91D8721A0005B1482 /* Debug */ = {
			isa = XCBuildConfiguration;
			buildSettings = {
				ASSETCATALOG_COMPILER_APPICON_NAME = AppIcon;
				INFOPLIST_FILE = Ratings/Info.plist;
				LD_RUNPATH_SEARCH_PATHS = "$(inherited) @executable_path/Frameworks";
				PRODUCT_BUNDLE_IDENTIFIER = com.example.Ratings;
				PRODUCT_NAME = "$(TARGET_NAME)";
			};
			name = Debug;
		};
		3E283FFA1D8721A0005B1482 /* Release */ = {
			isa = XCBuildConfiguration;
			buildSettings = {
				ASSETCATALOG_COMPILER_APPICON_NAME = AppIcon;
				INFOPLIST_FILE = Ratings/Info.plist;
				LD_RUNPATH_SEARCH_PATHS = "$(inherited) @executable_path/Frameworks";
				PRODUCT_BUNDLE_IDENTIFIER = com.example.Ratings;
				PRODUCT_NAME = "$(TARGET_NAME)";
			};
			name = Release;
		};
/* End XCBuildConfiguration section */

/* Begin XCConfigurationList section */
		3E283FE11D8721A0005B1482 /* Build configuration list for PBXProject "Ratings" */ = {
			isa = XCConfigurationList;
			buildConfigurations = (
				3E283FF61D8721A0005B1482 /* Debug */,
				3E283FF71D8721A0005B1482 /* Release */,
			);
			defaultConfigurationIsVisible = 0;
			defaultConfigurationName = Release;
		};
		3E283FF81D8721A0005B1482 /* Build configuration list for PBXNativeTarget "Ratings" */ = {
			isa = XCConfigurationList;
			buildConfigurations = (
				3E283FF91D8721A0005B1482 /* Debug */,
				3E283FFA1D8721A0005B1482 /* Release */,
			);
			defaultConfigurationIsVisible = 0;
			defaultConfigurationName = Release;
		};
/* End XCConfigurationList section */
	};
	rootObject = 3E283FDE1D8721A0005B1482 /* Project object */;
}
